// !$*UTF8*$!
{
	archiveVersion = 1;
	classes = {
	};
	objectVersion = 50;
	objects = {

/* Begin PBXBuildFile section */
		52BC6A2225059DB0003CF01A /* AppDelegate.swift in Sources */ = {isa = PBXBuildFile; fileRef = 52BC6A2125059DB0003CF01A /* AppDelegate.swift */; };
		52BC6A2425059DB0003CF01A /* GameScene.sks in Resources */ = {isa = PBXBuildFile; fileRef = 52BC6A2325059DB0003CF01A /* GameScene.sks */; };
		52BC6A2625059DB0003CF01A /* Actions.sks in Resources */ = {isa = PBXBuildFile; fileRef = 52BC6A2525059DB0003CF01A /* Actions.sks */; };
		52BC6A2825059DB0003CF01A /* GameScene.swift in Sources */ = {isa = PBXBuildFile; fileRef = 52BC6A2725059DB0003CF01A /* GameScene.swift */; };
		52BC6A2A25059DB0003CF01A /* GameViewController.swift in Sources */ = {isa = PBXBuildFile; fileRef = 52BC6A2925059DB0003CF01A /* GameViewController.swift */; };
		52BC6A2D25059DB0003CF01A /* Main.storyboard in Resources */ = {isa = PBXBuildFile; fileRef = 52BC6A2B25059DB0003CF01A /* Main.storyboard */; };
		52BC6A2F25059DB2003CF01A /* Assets.xcassets in Resources */ = {isa = PBXBuildFile; fileRef = 52BC6A2E25059DB2003CF01A /* Assets.xcassets */; };
		52BC6A3225059DB2003CF01A /* LaunchScreen.storyboard in Resources */ = {isa = PBXBuildFile; fileRef = 52BC6A3025059DB2003CF01A /* LaunchScreen.storyboard */; };
		52BC6A3B25059FCA003CF01A /* musica-fondo.mp3 in Resources */ = {isa = PBXBuildFile; fileRef = 52BC6A3A25059FCA003CF01A /* musica-fondo.mp3 */; };
		52BC6A3D25059FD4003CF01A /* golf.mp3 in Resources */ = {isa = PBXBuildFile; fileRef = 52BC6A3C25059FD4003CF01A /* golf.mp3 */; };
		52BC6A3F25059FDB003CF01A /* disparo.mp3 in Resources */ = {isa = PBXBuildFile; fileRef = 52BC6A3E25059FDB003CF01A /* disparo.mp3 */; };
		52BC6A4125059FE4003CF01A /* plop.mp3 in Resources */ = {isa = PBXBuildFile; fileRef = 52BC6A4025059FE4003CF01A /* plop.mp3 */; };
		52BC6A432505A01C003CF01A /* GameOverScene.swift in Sources */ = {isa = PBXBuildFile; fileRef = 52BC6A422505A01C003CF01A /* GameOverScene.swift */; };
		52BC6A452505A075003CF01A /* MainMenuScene.swift in Sources */ = {isa = PBXBuildFile; fileRef = 52BC6A442505A075003CF01A /* MainMenuScene.swift */; };
		52BC6A492505A0BA003CF01A /* GameOverScene.sks in Resources */ = {isa = PBXBuildFile; fileRef = 52BC6A482505A0BA003CF01A /* GameOverScene.sks */; };
		52BC6A4C2505A230003CF01A /* MainMenuScene.sks in Resources */ = {isa = PBXBuildFile; fileRef = 52BC6A4B2505A230003CF01A /* MainMenuScene.sks */; };
		52BC6A4E2505A365003CF01A /* Globulos.sks in Resources */ = {isa = PBXBuildFile; fileRef = 52BC6A4D2505A364003CF01A /* Globulos.sks */; };
		52BC6A502505A45F003CF01A /* Explosion.sks in Resources */ = {isa = PBXBuildFile; fileRef = 52BC6A4F2505A45F003CF01A /* Explosion.sks */; };
		52BC6A512505A4A8003CF01A /* ARCADE.TTF in Resources */ = {isa = PBXBuildFile; fileRef = 52BC6A4A2505A138003CF01A /* ARCADE.TTF */; };
		52BC6A532505ABB0003CF01A /* gameover.mp3 in Resources */ = {isa = PBXBuildFile; fileRef = 52BC6A522505ABB0003CF01A /* gameover.mp3 */; };
/* End PBXBuildFile section */

/* Begin PBXFileReference section */
		52BC6A1E25059DB0003CF01A /* CoronaKiller.app */ = {isa = PBXFileReference; explicitFileType = wrapper.application; includeInIndex = 0; path = CoronaKiller.app; sourceTree = BUILT_PRODUCTS_DIR; };
		52BC6A2125059DB0003CF01A /* AppDelegate.swift */ = {isa = PBXFileReference; lastKnownFileType = sourcecode.swift; path = AppDelegate.swift; sourceTree = "<group>"; };
		52BC6A2325059DB0003CF01A /* GameScene.sks */ = {isa = PBXFileReference; lastKnownFileType = file.sks; path = GameScene.sks; sourceTree = "<group>"; };
		52BC6A2525059DB0003CF01A /* Actions.sks */ = {isa = PBXFileReference; lastKnownFileType = file.sks; path = Actions.sks; sourceTree = "<group>"; };
		52BC6A2725059DB0003CF01A /* GameScene.swift */ = {isa = PBXFileReference; lastKnownFileType = sourcecode.swift; path = GameScene.swift; sourceTree = "<group>"; };
		52BC6A2925059DB0003CF01A /* GameViewController.swift */ = {isa = PBXFileReference; lastKnownFileType = sourcecode.swift; path = GameViewController.swift; sourceTree = "<group>"; };
		52BC6A2C25059DB0003CF01A /* Base */ = {isa = PBXFileReference; lastKnownFileType = file.storyboard; name = Base; path = Base.lproj/Main.storyboard; sourceTree = "<group>"; };
		52BC6A2E25059DB2003CF01A /* Assets.xcassets */ = {isa = PBXFileReference; lastKnownFileType = folder.assetcatalog; path = Assets.xcassets; sourceTree = "<group>"; };
		52BC6A3125059DB2003CF01A /* Base */ = {isa = PBXFileReference; lastKnownFileType = file.storyboard; name = Base; path = Base.lproj/LaunchScreen.storyboard; sourceTree = "<group>"; };
		52BC6A3325059DB2003CF01A /* Info.plist */ = {isa = PBXFileReference; lastKnownFileType = text.plist.xml; path = Info.plist; sourceTree = "<group>"; };
		52BC6A3A25059FCA003CF01A /* musica-fondo.mp3 */ = {isa = PBXFileReference; lastKnownFileType = audio.mp3; path = "musica-fondo.mp3"; sourceTree = "<group>"; };
		52BC6A3C25059FD4003CF01A /* golf.mp3 */ = {isa = PBXFileReference; lastKnownFileType = audio.mp3; path = golf.mp3; sourceTree = "<group>"; };
		52BC6A3E25059FDB003CF01A /* disparo.mp3 */ = {isa = PBXFileReference; lastKnownFileType = audio.mp3; path = disparo.mp3; sourceTree = "<group>"; };
		52BC6A4025059FE4003CF01A /* plop.mp3 */ = {isa = PBXFileReference; lastKnownFileType = audio.mp3; path = plop.mp3; sourceTree = "<group>"; };
		52BC6A422505A01C003CF01A /* GameOverScene.swift */ = {isa = PBXFileReference; lastKnownFileType = sourcecode.swift; path = GameOverScene.swift; sourceTree = "<group>"; };
		52BC6A442505A075003CF01A /* MainMenuScene.swift */ = {isa = PBXFileReference; lastKnownFileType = sourcecode.swift; path = MainMenuScene.swift; sourceTree = "<group>"; };
		52BC6A482505A0BA003CF01A /* GameOverScene.sks */ = {isa = PBXFileReference; lastKnownFileType = file.sks; path = GameOverScene.sks; sourceTree = "<group>"; };
		52BC6A4A2505A138003CF01A /* ARCADE.TTF */ = {isa = PBXFileReference; lastKnownFileType = file; path = ARCADE.TTF; sourceTree = "<group>"; };
		52BC6A4B2505A230003CF01A /* MainMenuScene.sks */ = {isa = PBXFileReference; lastKnownFileType = file.sks; path = MainMenuScene.sks; sourceTree = "<group>"; };
		52BC6A4D2505A364003CF01A /* Globulos.sks */ = {isa = PBXFileReference; lastKnownFileType = file.sks; path = Globulos.sks; sourceTree = "<group>"; };
		52BC6A4F2505A45F003CF01A /* Explosion.sks */ = {isa = PBXFileReference; lastKnownFileType = file.sks; path = Explosion.sks; sourceTree = "<group>"; };
		52BC6A522505ABB0003CF01A /* gameover.mp3 */ = {isa = PBXFileReference; lastKnownFileType = audio.mp3; path = gameover.mp3; sourceTree = "<group>"; };
/* End PBXFileReference section */

/* Begin PBXFrameworksBuildPhase section */
		52BC6A1B25059DB0003CF01A /* Frameworks */ = {
			isa = PBXFrameworksBuildPhase;
			buildActionMask = 2147483647;
			files = (
			);
			runOnlyForDeploymentPostprocessing = 0;
		};
/* End PBXFrameworksBuildPhase section */

/* Begin PBXGroup section */
		52BC6A1525059DB0003CF01A = {
			isa = PBXGroup;
			children = (
				52BC6A2025059DB0003CF01A /* CoronaKiller */,
				52BC6A1F25059DB0003CF01A /* Products */,
			);
			sourceTree = "<group>";
		};
		52BC6A1F25059DB0003CF01A /* Products */ = {
			isa = PBXGroup;
			children = (
				52BC6A1E25059DB0003CF01A /* CoronaKiller.app */,
			);
			name = Products;
			sourceTree = "<group>";
		};
		52BC6A2025059DB0003CF01A /* CoronaKiller */ = {
			isa = PBXGroup;
			children = (
				52BC6A2125059DB0003CF01A /* AppDelegate.swift */,
				52BC6A2525059DB0003CF01A /* Actions.sks */,
				52BC6A2725059DB0003CF01A /* GameScene.swift */,
				52BC6A2325059DB0003CF01A /* GameScene.sks */,
				52BC6A442505A075003CF01A /* MainMenuScene.swift */,
				52BC6A4B2505A230003CF01A /* MainMenuScene.sks */,
				52BC6A4D2505A364003CF01A /* Globulos.sks */,
				52BC6A4F2505A45F003CF01A /* Explosion.sks */,
				52BC6A422505A01C003CF01A /* GameOverScene.swift */,
				52BC6A482505A0BA003CF01A /* GameOverScene.sks */,
				52BC6A2B25059DB0003CF01A /* Main.storyboard */,
				52BC6A2925059DB0003CF01A /* GameViewController.swift */,
				52BC6A2E25059DB2003CF01A /* Assets.xcassets */,
				52BC6A3025059DB2003CF01A /* LaunchScreen.storyboard */,
				52BC6A3925059F94003CF01A /* Sonidos */,
				52BC6A3325059DB2003CF01A /* Info.plist */,
				52BC6A4A2505A138003CF01A /* ARCADE.TTF */,
			);
			path = CoronaKiller;
			sourceTree = "<group>";
		};
		52BC6A3925059F94003CF01A /* Sonidos */ = {
			isa = PBXGroup;
			children = (
				52BC6A522505ABB0003CF01A /* gameover.mp3 */,
				52BC6A3C25059FD4003CF01A /* golf.mp3 */,
				52BC6A3E25059FDB003CF01A /* disparo.mp3 */,
				52BC6A4025059FE4003CF01A /* plop.mp3 */,
				52BC6A3A25059FCA003CF01A /* musica-fondo.mp3 */,
			);
			path = Sonidos;
			sourceTree = "<group>";
		};
/* End PBXGroup section */

/* Begin PBXNativeTarget section */
		52BC6A1D25059DB0003CF01A /* CoronaKiller */ = {
			isa = PBXNativeTarget;
			buildConfigurationList = 52BC6A3625059DB2003CF01A /* Build configuration list for PBXNativeTarget "CoronaKiller" */;
			buildPhases = (
				52BC6A1A25059DB0003CF01A /* Sources */,
				52BC6A1B25059DB0003CF01A /* Frameworks */,
				52BC6A1C25059DB0003CF01A /* Resources */,
			);
			buildRules = (
			);
			dependencies = (
			);
			name = CoronaKiller;
			productName = CoronaKiller;
			productReference = 52BC6A1E25059DB0003CF01A /* CoronaKiller.app */;
			productType = "com.apple.product-type.application";
		};
/* End PBXNativeTarget section */

/* Begin PBXProject section */
		52BC6A1625059DB0003CF01A /* Project object */ = {
			isa = PBXProject;
			attributes = {
				LastSwiftUpdateCheck = 1170;
				LastUpgradeCheck = 1230;
				ORGANIZATIONNAME = "David Leda";
				TargetAttributes = {
					52BC6A1D25059DB0003CF01A = {
						CreatedOnToolsVersion = 11.7;
					};
				};
			};
			buildConfigurationList = 52BC6A1925059DB0003CF01A /* Build configuration list for PBXProject "CoronaKiller" */;
			compatibilityVersion = "Xcode 9.3";
			developmentRegion = en;
			hasScannedForEncodings = 0;
			knownRegions = (
				en,
				Base,
			);
			mainGroup = 52BC6A1525059DB0003CF01A;
			productRefGroup = 52BC6A1F25059DB0003CF01A /* Products */;
			projectDirPath = "";
			projectRoot = "";
			targets = (
				52BC6A1D25059DB0003CF01A /* CoronaKiller */,
			);
		};
/* End PBXProject section */

/* Begin PBXResourcesBuildPhase section */
		52BC6A1C25059DB0003CF01A /* Resources */ = {
			isa = PBXResourcesBuildPhase;
			buildActionMask = 2147483647;
			files = (
				52BC6A3D25059FD4003CF01A /* golf.mp3 in Resources */,
				52BC6A3F25059FDB003CF01A /* disparo.mp3 in Resources */,
				52BC6A4125059FE4003CF01A /* plop.mp3 in Resources */,
				52BC6A2D25059DB0003CF01A /* Main.storyboard in Resources */,
				52BC6A2425059DB0003CF01A /* GameScene.sks in Resources */,
				52BC6A502505A45F003CF01A /* Explosion.sks in Resources */,
				52BC6A3B25059FCA003CF01A /* musica-fondo.mp3 in Resources */,
				52BC6A2F25059DB2003CF01A /* Assets.xcassets in Resources */,
				52BC6A3225059DB2003CF01A /* LaunchScreen.storyboard in Resources */,
				52BC6A4C2505A230003CF01A /* MainMenuScene.sks in Resources */,
				52BC6A492505A0BA003CF01A /* GameOverScene.sks in Resources */,
				52BC6A532505ABB0003CF01A /* gameover.mp3 in Resources */,
				52BC6A4E2505A365003CF01A /* Globulos.sks in Resources */,
				52BC6A512505A4A8003CF01A /* ARCADE.TTF in Resources */,
				52BC6A2625059DB0003CF01A /* Actions.sks in Resources */,
			);
			runOnlyForDeploymentPostprocessing = 0;
		};
/* End PBXResourcesBuildPhase section */

/* Begin PBXSourcesBuildPhase section */
		52BC6A1A25059DB0003CF01A /* Sources */ = {
			isa = PBXSourcesBuildPhase;
			buildActionMask = 2147483647;
			files = (
				52BC6A452505A075003CF01A /* MainMenuScene.swift in Sources */,
				52BC6A2825059DB0003CF01A /* GameScene.swift in Sources */,
				52BC6A2A25059DB0003CF01A /* GameViewController.swift in Sources */,
				52BC6A432505A01C003CF01A /* GameOverScene.swift in Sources */,
				52BC6A2225059DB0003CF01A /* AppDelegate.swift in Sources */,
			);
			runOnlyForDeploymentPostprocessing = 0;
		};
/* End PBXSourcesBuildPhase section */

/* Begin PBXVariantGroup section */
		52BC6A2B25059DB0003CF01A /* Main.storyboard */ = {
			isa = PBXVariantGroup;
			children = (
				52BC6A2C25059DB0003CF01A /* Base */,
			);
			name = Main.storyboard;
			sourceTree = "<group>";
		};
		52BC6A3025059DB2003CF01A /* LaunchScreen.storyboard */ = {
			isa = PBXVariantGroup;
			children = (
				52BC6A3125059DB2003CF01A /* Base */,
			);
			name = LaunchScreen.storyboard;
			sourceTree = "<group>";
		};
/* End PBXVariantGroup section */

/* Begin XCBuildConfiguration section */
		52BC6A3425059DB2003CF01A /* Debug */ = {
			isa = XCBuildConfiguration;
			buildSettings = {
				ALWAYS_SEARCH_USER_PATHS = NO;
				CLANG_ANALYZER_NONNULL = YES;
				CLANG_ANALYZER_NUMBER_OBJECT_CONVERSION = YES_AGGRESSIVE;
				CLANG_CXX_LANGUAGE_STANDARD = "gnu++14";
				CLANG_CXX_LIBRARY = "libc++";
				CLANG_ENABLE_MODULES = YES;
				CLANG_ENABLE_OBJC_ARC = YES;
				CLANG_ENABLE_OBJC_WEAK = YES;
				CLANG_WARN_BLOCK_CAPTURE_AUTORELEASING = YES;
				CLANG_WARN_BOOL_CONVERSION = YES;
				CLANG_WARN_COMMA = YES;
				CLANG_WARN_CONSTANT_CONVERSION = YES;
				CLANG_WARN_DEPRECATED_OBJC_IMPLEMENTATIONS = YES;
				CLANG_WARN_DIRECT_OBJC_ISA_USAGE = YES_ERROR;
				CLANG_WARN_DOCUMENTATION_COMMENTS = YES;
				CLANG_WARN_EMPTY_BODY = YES;
				CLANG_WARN_ENUM_CONVERSION = YES;
				CLANG_WARN_INFINITE_RECURSION = YES;
				CLANG_WARN_INT_CONVERSION = YES;
				CLANG_WARN_NON_LITERAL_NULL_CONVERSION = YES;
				CLANG_WARN_OBJC_IMPLICIT_RETAIN_SELF = YES;
				CLANG_WARN_OBJC_LITERAL_CONVERSION = YES;
				CLANG_WARN_OBJC_ROOT_CLASS = YES_ERROR;
				CLANG_WARN_QUOTED_INCLUDE_IN_FRAMEWORK_HEADER = YES;
				CLANG_WARN_RANGE_LOOP_ANALYSIS = YES;
				CLANG_WARN_STRICT_PROTOTYPES = YES;
				CLANG_WARN_SUSPICIOUS_MOVE = YES;
				CLANG_WARN_UNGUARDED_AVAILABILITY = YES_AGGRESSIVE;
				CLANG_WARN_UNREACHABLE_CODE = YES;
				CLANG_WARN__DUPLICATE_METHOD_MATCH = YES;
				COPY_PHASE_STRIP = NO;
				DEBUG_INFORMATION_FORMAT = dwarf;
				ENABLE_STRICT_OBJC_MSGSEND = YES;
				ENABLE_TESTABILITY = YES;
				GCC_C_LANGUAGE_STANDARD = gnu11;
				GCC_DYNAMIC_NO_PIC = NO;
				GCC_NO_COMMON_BLOCKS = YES;
				GCC_OPTIMIZATION_LEVEL = 0;
				GCC_PREPROCESSOR_DEFINITIONS = (
					"DEBUG=1",
					"$(inherited)",
				);
				GCC_WARN_64_TO_32_BIT_CONVERSION = YES;
				GCC_WARN_ABOUT_RETURN_TYPE = YES_ERROR;
				GCC_WARN_UNDECLARED_SELECTOR = YES;
				GCC_WARN_UNINITIALIZED_AUTOS = YES_AGGRESSIVE;
				GCC_WARN_UNUSED_FUNCTION = YES;
				GCC_WARN_UNUSED_VARIABLE = YES;
				IPHONEOS_DEPLOYMENT_TARGET = 14.3;
				MTL_ENABLE_DEBUG_INFO = INCLUDE_SOURCE;
				MTL_FAST_MATH = YES;
				ONLY_ACTIVE_ARCH = YES;
				SDKROOT = iphoneos;
				SWIFT_ACTIVE_COMPILATION_CONDITIONS = DEBUG;
				SWIFT_OPTIMIZATION_LEVEL = "-Onone";
			};
			name = Debug;
		};
		52BC6A3525059DB2003CF01A /* Release */ = {
			isa = XCBuildConfiguration;
			buildSettings = {
				ALWAYS_SEARCH_USER_PATHS = NO;
				CLANG_ANALYZER_NONNULL = YES;
				CLANG_ANALYZER_NUMBER_OBJECT_CONVERSION = YES_AGGRESSIVE;
				CLANG_CXX_LANGUAGE_STANDARD = "gnu++14";
				CLANG_CXX_LIBRARY = "libc++";
				CLANG_ENABLE_MODULES = YES;
				CLANG_ENABLE_OBJC_ARC = YES;
				CLANG_ENABLE_OBJC_WEAK = YES;
				CLANG_WARN_BLOCK_CAPTURE_AUTORELEASING = YES;
				CLANG_WARN_BOOL_CONVERSION = YES;
				CLANG_WARN_COMMA = YES;
				CLANG_WARN_CONSTANT_CONVERSION = YES;
				CLANG_WARN_DEPRECATED_OBJC_IMPLEMENTATIONS = YES;
				CLANG_WARN_DIRECT_OBJC_ISA_USAGE = YES_ERROR;
				CLANG_WARN_DOCUMENTATION_COMMENTS = YES;
				CLANG_WARN_EMPTY_BODY = YES;
				CLANG_WARN_ENUM_CONVERSION = YES;
				CLANG_WARN_INFINITE_RECURSION = YES;
				CLANG_WARN_INT_CONVERSION = YES;
				CLANG_WARN_NON_LITERAL_NULL_CONVERSION = YES;
				CLANG_WARN_OBJC_IMPLICIT_RETAIN_SELF = YES;
				CLANG_WARN_OBJC_LITERAL_CONVERSION = YES;
				CLANG_WARN_OBJC_ROOT_CLASS = YES_ERROR;
				CLANG_WARN_QUOTED_INCLUDE_IN_FRAMEWORK_HEADER = YES;
				CLANG_WARN_RANGE_LOOP_ANALYSIS = YES;
				CLANG_WARN_STRICT_PROTOTYPES = YES;
				CLANG_WARN_SUSPICIOUS_MOVE = YES;
				CLANG_WARN_UNGUARDED_AVAILABILITY = YES_AGGRESSIVE;
				CLANG_WARN_UNREACHABLE_CODE = YES;
				CLANG_WARN__DUPLICATE_METHOD_MATCH = YES;
				COPY_PHASE_STRIP = NO;
				DEBUG_INFORMATION_FORMAT = "dwarf-with-dsym";
				ENABLE_NS_ASSERTIONS = NO;
				ENABLE_STRICT_OBJC_MSGSEND = YES;
				GCC_C_LANGUAGE_STANDARD = gnu11;
				GCC_NO_COMMON_BLOCKS = YES;
				GCC_WARN_64_TO_32_BIT_CONVERSION = YES;
				GCC_WARN_ABOUT_RETURN_TYPE = YES_ERROR;
				GCC_WARN_UNDECLARED_SELECTOR = YES;
				GCC_WARN_UNINITIALIZED_AUTOS = YES_AGGRESSIVE;
				GCC_WARN_UNUSED_FUNCTION = YES;
				GCC_WARN_UNUSED_VARIABLE = YES;
				IPHONEOS_DEPLOYMENT_TARGET = 14.3;
				MTL_ENABLE_DEBUG_INFO = NO;
				MTL_FAST_MATH = YES;
				SDKROOT = iphoneos;
				SWIFT_COMPILATION_MODE = wholemodule;
				SWIFT_OPTIMIZATION_LEVEL = "-O";
				VALIDATE_PRODUCT = YES;
			};
			name = Release;
		};
		52BC6A3725059DB2003CF01A /* Debug */ = {
			isa = XCBuildConfiguration;
			buildSettings = {
				ASSETCATALOG_COMPILER_APPICON_NAME = AppIcon;
				CODE_SIGN_STYLE = Automatic;
				DEVELOPMENT_TEAM = F4M545989C;
				INFOPLIST_FILE = CoronaKiller/Info.plist;
				IPHONEOS_DEPLOYMENT_TARGET = 13.7;
				LD_RUNPATH_SEARCH_PATHS = (
					"$(inherited)",
					"@executable_path/Frameworks",
				);
				PRODUCT_BUNDLE_IDENTIFIER = dedalolab.CoronaKiller;
				PRODUCT_NAME = "$(TARGET_NAME)";
				SWIFT_VERSION = 5.0;
				TARGETED_DEVICE_FAMILY = 1;
			};
			name = Debug;
		};
		52BC6A3825059DB2003CF01A /* Release */ = {
			isa = XCBuildConfiguration;
			buildSettings = {
				ASSETCATALOG_COMPILER_APPICON_NAME = AppIcon;
				CODE_SIGN_STYLE = Automatic;
				DEVELOPMENT_TEAM = F4M545989C;
				INFOPLIST_FILE = CoronaKiller/Info.plist;
				IPHONEOS_DEPLOYMENT_TARGET = 13.7;
				LD_RUNPATH_SEARCH_PATHS = (
					"$(inherited)",
					"@executable_path/Frameworks",
				);
				PRODUCT_BUNDLE_IDENTIFIER = dedalolab.CoronaKiller;
				PRODUCT_NAME = "$(TARGET_NAME)";
				SWIFT_VERSION = 5.0;
				TARGETED_DEVICE_FAMILY = 1;
			};
			name = Release;
		};
/* End XCBuildConfiguration section */

/* Begin XCConfigurationList section */
		52BC6A1925059DB0003CF01A /* Build configuration list for PBXProject "CoronaKiller" */ = {
			isa = XCConfigurationList;
			buildConfigurations = (
				52BC6A3425059DB2003CF01A /* Debug */,
				52BC6A3525059DB2003CF01A /* Release */,
			);
			defaultConfigurationIsVisible = 0;
			defaultConfigurationName = Release;
		};
		52BC6A3625059DB2003CF01A /* Build configuration list for PBXNativeTarget "CoronaKiller" */ = {
			isa = XCConfigurationList;
			buildConfigurations = (
				52BC6A3725059DB2003CF01A /* Debug */,
				52BC6A3825059DB2003CF01A /* Release */,
			);
			defaultConfigurationIsVisible = 0;
			defaultConfigurationName = Release;
		};
/* End XCConfigurationList section */
	};
	rootObject = 52BC6A1625059DB0003CF01A /* Project object */;
}
